
Microsoft Visual Studio Solution File, Format Version 12.00
# Visual Studio Version 16
VisualStudioVersion = 16.0.28729.10
MinimumVisualStudioVersion = 10.0.40219.1
Project("{FAE04EC0-301F-11D3-BF4B-00C04F79EFBC}") = "SnakeGame", "SnakeGame\SnakeGame.csproj", "{E0B4875A-AD4D-4CCE-A8A6-3F824AE99CFB}"
EndProject
Global
	GlobalSection(SolutionConfigurationPlatforms) = preSolution
		Debug|Any CPU = Debug|Any CPU
		Release|Any CPU = Release|Any CPU
	EndGlobalSection
	GlobalSection(ProjectConfigurationPlatforms) = postSolution
		{E0B4875A-AD4D-4CCE-A8A6-3F824AE99CFB}.Debug|Any CPU.ActiveCfg = Debug|Any CPU
		{E0B4875A-AD4D-4CCE-A8A6-3F824AE99CFB}.Debug|Any CPU.Build.0 = Debug|Any CPU
		{E0B4875A-AD4D-4CCE-A8A6-3F824AE99CFB}.Release|Any CPU.ActiveCfg = Release|Any CPU
		{E0B4875A-AD4D-4CCE-A8A6-3F824AE99CFB}.Release|Any CPU.Build.0 = Release|Any CPU
	EndGlobalSection
	GlobalSection(SolutionProperties) = preSolution
		HideSolutionNode = FALSE
	EndGlobalSection
	GlobalSection(ExtensibilityGlobals) = postSolution
		SolutionGuid = {57A4248D-D987-493A-90A9-4A143A26D99D}
	EndGlobalSection
EndGlobal
